
Microsoft Visual Studio Solution File, Format Version 12.00
# Visual Studio Version 17
VisualStudioVersion = 17.3.32929.385
MinimumVisualStudioVersion = 10.0.40219.1
Project("{9A19103F-16F7-4668-BE54-9A1E7A4F7556}") = "final-project-good", "FINAL project\final-project-good.csproj", "{6B0308E6-BF2B-41EE-9477-7F57514688BD}"
EndProject
Global
	GlobalSection(SolutionConfigurationPlatforms) = preSolution
		Debug|Any CPU = Debug|Any CPU
		Release|Any CPU = Release|Any CPU
	EndGlobalSection
	GlobalSection(ProjectConfigurationPlatforms) = postSolution
		{6B0308E6-BF2B-41EE-9477-7F57514688BD}.Debug|Any CPU.ActiveCfg = Debug|Any CPU
		{6B0308E6-BF2B-41EE-9477-7F57514688BD}.Debug|Any CPU.Build.0 = Debug|Any CPU
		{6B0308E6-BF2B-41EE-9477-7F57514688BD}.Release|Any CPU.ActiveCfg = Release|Any CPU
		{6B0308E6-BF2B-41EE-9477-7F57514688BD}.Release|Any CPU.Build.0 = Release|Any CPU
	EndGlobalSection
	GlobalSection(SolutionProperties) = preSolution
		HideSolutionNode = FALSE
	EndGlobalSection
	GlobalSection(ExtensibilityGlobals) = postSolution
		SolutionGuid = {3CD7A297-0421-4003-AA7A-EF348D4A46D9}
	EndGlobalSection
EndGlobal
